
Microsoft Visual Studio Solution File, Format Version 12.00
# Visual Studio 14
VisualStudioVersion = 14.0.25420.1
MinimumVisualStudioVersion = 10.0.40219.1
Project("{F184B08F-C81C-45F6-A57F-5ABD9991F28F}") = "TallerVB001", "TallerVB001\TallerVB001.vbproj", "{BA75CACA-BF2F-45B1-8EA6-D126080BBDA5}"
EndProject
Global
	GlobalSection(SolutionConfigurationPlatforms) = preSolution
		Debug|Any CPU = Debug|Any CPU
		Release|Any CPU = Release|Any CPU
	EndGlobalSection
	GlobalSection(ProjectConfigurationPlatforms) = postSolution
		{BA75CACA-BF2F-45B1-8EA6-D126080BBDA5}.Debug|Any CPU.ActiveCfg = Debug|Any CPU
		{BA75CACA-BF2F-45B1-8EA6-D126080BBDA5}.Debug|Any CPU.Build.0 = Debug|Any CPU
		{BA75CACA-BF2F-45B1-8EA6-D126080BBDA5}.Release|Any CPU.ActiveCfg = Release|Any CPU
		{BA75CACA-BF2F-45B1-8EA6-D126080BBDA5}.Release|Any CPU.Build.0 = Release|Any CPU
	EndGlobalSection
	GlobalSection(SolutionProperties) = preSolution
		HideSolutionNode = FALSE
	EndGlobalSection
EndGlobal
